
Microsoft Visual Studio Solution File, Format Version 12.00
# Visual Studio Version 16
VisualStudioVersion = 16.0.32106.194
MinimumVisualStudioVersion = 10.0.40219.1
Project("{9A19103F-16F7-4668-BE54-9A1E7A4F7556}") = "Project Employees", "Project Employees.csproj", "{B076840E-940B-44A8-9FC1-939C2625AE49}"
EndProject
Global
	GlobalSection(SolutionConfigurationPlatforms) = preSolution
		Debug|Any CPU = Debug|Any CPU
		Release|Any CPU = Release|Any CPU
	EndGlobalSection
	GlobalSection(ProjectConfigurationPlatforms) = postSolution
		{B076840E-940B-44A8-9FC1-939C2625AE49}.Debug|Any CPU.ActiveCfg = Debug|Any CPU
		{B076840E-940B-44A8-9FC1-939C2625AE49}.Debug|Any CPU.Build.0 = Debug|Any CPU
		{B076840E-940B-44A8-9FC1-939C2625AE49}.Release|Any CPU.ActiveCfg = Release|Any CPU
		{B076840E-940B-44A8-9FC1-939C2625AE49}.Release|Any CPU.Build.0 = Release|Any CPU
	EndGlobalSection
	GlobalSection(SolutionProperties) = preSolution
		HideSolutionNode = FALSE
	EndGlobalSection
	GlobalSection(ExtensibilityGlobals) = postSolution
		SolutionGuid = {27AD99FF-AB8E-4983-ACAF-51BD0696B799}
	EndGlobalSection
EndGlobal
